
Microsoft Visual Studio Solution File, Format Version 12.00
# Visual Studio Version 16
VisualStudioVersion = 16.0.30717.126
MinimumVisualStudioVersion = 10.0.40219.1
Project("{FAE04EC0-301F-11D3-BF4B-00C04F79EFBC}") = "GHI.Basic", "SBASIC.Library\GHI.Basic.csproj", "{782BE89F-12CD-4174-B567-10C8A0AA8105}"
EndProject
Project("{FAE04EC0-301F-11D3-BF4B-00C04F79EFBC}") = "BASIC.Test", "SBASIC.Test\BASIC.Test.csproj", "{928AE333-114C-4163-8C2B-E4578C167A79}"
EndProject
Project("{FAE04EC0-301F-11D3-BF4B-00C04F79EFBC}") = "GHI.BasicSharp", "GHI.BasicSharp\GHI.BasicSharp.csproj", "{BF3E0D16-5E5D-41D8-9F04-999C0CF8B1E7}"
EndProject
Project("{2150E333-8FDC-42A3-9474-1A3956D46DE8}") = "Interpreter", "Interpreter", "{07FD756A-CACB-4FF9-AF0B-382DA48C72EE}"
EndProject
Global
	GlobalSection(SolutionConfigurationPlatforms) = preSolution
		Debug|Any CPU = Debug|Any CPU
		Release|Any CPU = Release|Any CPU
	EndGlobalSection
	GlobalSection(ProjectConfigurationPlatforms) = postSolution
		{782BE89F-12CD-4174-B567-10C8A0AA8105}.Debug|Any CPU.ActiveCfg = Debug|Any CPU
		{782BE89F-12CD-4174-B567-10C8A0AA8105}.Debug|Any CPU.Build.0 = Debug|Any CPU
		{782BE89F-12CD-4174-B567-10C8A0AA8105}.Release|Any CPU.ActiveCfg = Release|Any CPU
		{782BE89F-12CD-4174-B567-10C8A0AA8105}.Release|Any CPU.Build.0 = Release|Any CPU
		{928AE333-114C-4163-8C2B-E4578C167A79}.Debug|Any CPU.ActiveCfg = Debug|Any CPU
		{928AE333-114C-4163-8C2B-E4578C167A79}.Debug|Any CPU.Build.0 = Debug|Any CPU
		{928AE333-114C-4163-8C2B-E4578C167A79}.Debug|Any CPU.Deploy.0 = Debug|Any CPU
		{928AE333-114C-4163-8C2B-E4578C167A79}.Release|Any CPU.ActiveCfg = Release|Any CPU
		{928AE333-114C-4163-8C2B-E4578C167A79}.Release|Any CPU.Build.0 = Release|Any CPU
		{928AE333-114C-4163-8C2B-E4578C167A79}.Release|Any CPU.Deploy.0 = Release|Any CPU
		{BF3E0D16-5E5D-41D8-9F04-999C0CF8B1E7}.Debug|Any CPU.ActiveCfg = Debug|Any CPU
		{BF3E0D16-5E5D-41D8-9F04-999C0CF8B1E7}.Debug|Any CPU.Build.0 = Debug|Any CPU
		{BF3E0D16-5E5D-41D8-9F04-999C0CF8B1E7}.Release|Any CPU.ActiveCfg = Release|Any CPU
		{BF3E0D16-5E5D-41D8-9F04-999C0CF8B1E7}.Release|Any CPU.Build.0 = Release|Any CPU
	EndGlobalSection
	GlobalSection(SolutionProperties) = preSolution
		HideSolutionNode = FALSE
	EndGlobalSection
	GlobalSection(NestedProjects) = preSolution
		{782BE89F-12CD-4174-B567-10C8A0AA8105} = {07FD756A-CACB-4FF9-AF0B-382DA48C72EE}
		{BF3E0D16-5E5D-41D8-9F04-999C0CF8B1E7} = {07FD756A-CACB-4FF9-AF0B-382DA48C72EE}
	EndGlobalSection
	GlobalSection(ExtensibilityGlobals) = postSolution
		SolutionGuid = {98F65E67-4789-402A-8EE1-24E45C35C1B0}
	EndGlobalSection
EndGlobal
